
Microsoft Visual Studio Solution File, Format Version 12.00
# Visual Studio Version 17
VisualStudioVersion = 17.10.35122.118
MinimumVisualStudioVersion = 10.0.40219.1
Project("{FAE04EC0-301F-11D3-BF4B-00C04F79EFBC}") = "WinFormCalculator", "WinFormCalculator\WinFormCalculator.csproj", "{4AADADA5-43DB-4470-BFE1-0576C7A21534}"
EndProject
Global
	GlobalSection(SolutionConfigurationPlatforms) = preSolution
		Debug|Any CPU = Debug|Any CPU
		Release|Any CPU = Release|Any CPU
	EndGlobalSection
	GlobalSection(ProjectConfigurationPlatforms) = postSolution
		{4AADADA5-43DB-4470-BFE1-0576C7A21534}.Debug|Any CPU.ActiveCfg = Debug|Any CPU
		{4AADADA5-43DB-4470-BFE1-0576C7A21534}.Debug|Any CPU.Build.0 = Debug|Any CPU
		{4AADADA5-43DB-4470-BFE1-0576C7A21534}.Release|Any CPU.ActiveCfg = Release|Any CPU
		{4AADADA5-43DB-4470-BFE1-0576C7A21534}.Release|Any CPU.Build.0 = Release|Any CPU
	EndGlobalSection
	GlobalSection(SolutionProperties) = preSolution
		HideSolutionNode = FALSE
	EndGlobalSection
	GlobalSection(ExtensibilityGlobals) = postSolution
		SolutionGuid = {DAD29512-EA68-47C6-A020-9854A0C12A3F}
	EndGlobalSection
EndGlobal
